// !$*UTF8*$!
{
	archiveVersion = 1;
	classes = {
	};
	objectVersion = 46;
	objects = {

/* Begin PBXBuildFile section */
		4C0A57501D6589A800216C45 /* AppDelegate.swift in Sources */ = {isa = PBXBuildFile; fileRef = 4C0A574F1D6589A800216C45 /* AppDelegate.swift */; };
		4C0A57521D6589A800216C45 /* RecognizerViewController.swift in Sources */ = {isa = PBXBuildFile; fileRef = 4C0A57511D6589A800216C45 /* RecognizerViewController.swift */; };
		4C0A57551D6589A800216C45 /* Main.storyboard in Resources */ = {isa = PBXBuildFile; fileRef = 4C0A57531D6589A800216C45 /* Main.storyboard */; };
		4C0A575A1D6589A800216C45 /* LaunchScreen.storyboard in Resources */ = {isa = PBXBuildFile; fileRef = 4C0A57581D6589A800216C45 /* LaunchScreen.storyboard */; };
		4C0A57651D6589A800216C45 /* OpenCVRecognizerTests.swift in Sources */ = {isa = PBXBuildFile; fileRef = 4C0A57641D6589A800216C45 /* OpenCVRecognizerTests.swift */; };
		4C0A57731D65C0DD00216C45 /* Recognizer.xcassets in Resources */ = {isa = PBXBuildFile; fileRef = 4C0A57721D65C0DD00216C45 /* Recognizer.xcassets */; };
		4C0A57751D65CA2D00216C45 /* AssetsLibrary.framework in Frameworks */ = {isa = PBXBuildFile; fileRef = 4C0A57741D65CA2D00216C45 /* AssetsLibrary.framework */; };
		4C0A57771D65CA4700216C45 /* opencv2.framework in Frameworks */ = {isa = PBXBuildFile; fileRef = 4C0A57761D65CA4700216C45 /* opencv2.framework */; };
		4C0A577D1D65CADE00216C45 /* RecognizerProtocols.swift in Sources */ = {isa = PBXBuildFile; fileRef = 4C0A577C1D65CADE00216C45 /* RecognizerProtocols.swift */; };
		4C0A577F1D65DFF600216C45 /* RecognizerProcessor.swift in Sources */ = {isa = PBXBuildFile; fileRef = 4C0A577E1D65DFF600216C45 /* RecognizerProcessor.swift */; };
		4C0A57831D65E73000216C45 /* OpenCVRecognizer.mm in Sources */ = {isa = PBXBuildFile; fileRef = 4C0A57821D65E73000216C45 /* OpenCVRecognizer.mm */; };
		4C0A57851D66169000216C45 /* haarcascade_russian_plate_number.xml in Resources */ = {isa = PBXBuildFile; fileRef = 4C0A57841D66169000216C45 /* haarcascade_russian_plate_number.xml */; };
		4C0A57881D66231E00216C45 /* OpenCVImage.mm in Sources */ = {isa = PBXBuildFile; fileRef = 4C0A57871D66231E00216C45 /* OpenCVImage.mm */; };
/* End PBXBuildFile section */

/* Begin PBXContainerItemProxy section */
		4C0A57611D6589A800216C45 /* PBXContainerItemProxy */ = {
			isa = PBXContainerItemProxy;
			containerPortal = 4C0A57441D6589A800216C45 /* Project object */;
			proxyType = 1;
			remoteGlobalIDString = 4C0A574B1D6589A800216C45;
			remoteInfo = OpenCVRecognizer;
		};
/* End PBXContainerItemProxy section */

/* Begin PBXFileReference section */
		4C0A574C1D6589A800216C45 /* OpenCVRecognizer.app */ = {isa = PBXFileReference; explicitFileType = wrapper.application; includeInIndex = 0; path = OpenCVRecognizer.app; sourceTree = BUILT_PRODUCTS_DIR; };
		4C0A574F1D6589A800216C45 /* AppDelegate.swift */ = {isa = PBXFileReference; lastKnownFileType = sourcecode.swift; path = AppDelegate.swift; sourceTree = "<group>"; };
		4C0A57511D6589A800216C45 /* RecognizerViewController.swift */ = {isa = PBXFileReference; lastKnownFileType = sourcecode.swift; path = RecognizerViewController.swift; sourceTree = "<group>"; };
		4C0A57541D6589A800216C45 /* Base */ = {isa = PBXFileReference; lastKnownFileType = file.storyboard; name = Base; path = Base.lproj/Main.storyboard; sourceTree = "<group>"; };
		4C0A57591D6589A800216C45 /* Base */ = {isa = PBXFileReference; lastKnownFileType = file.storyboard; name = Base; path = Base.lproj/LaunchScreen.storyboard; sourceTree = "<group>"; };
		4C0A575B1D6589A800216C45 /* Info.plist */ = {isa = PBXFileReference; lastKnownFileType = text.plist.xml; path = Info.plist; sourceTree = "<group>"; };
		4C0A57601D6589A800216C45 /* OpenCVRecognizerTests.xctest */ = {isa = PBXFileReference; explicitFileType = wrapper.cfbundle; includeInIndex = 0; path = OpenCVRecognizerTests.xctest; sourceTree = BUILT_PRODUCTS_DIR; };
		4C0A57641D6589A800216C45 /* OpenCVRecognizerTests.swift */ = {isa = PBXFileReference; lastKnownFileType = sourcecode.swift; path = OpenCVRecognizerTests.swift; sourceTree = "<group>"; };
		4C0A57661D6589A800216C45 /* Info.plist */ = {isa = PBXFileReference; lastKnownFileType = text.plist.xml; path = Info.plist; sourceTree = "<group>"; };
		4C0A57721D65C0DD00216C45 /* Recognizer.xcassets */ = {isa = PBXFileReference; lastKnownFileType = folder.assetcatalog; path = Recognizer.xcassets; sourceTree = "<group>"; };
		4C0A57741D65CA2D00216C45 /* AssetsLibrary.framework */ = {isa = PBXFileReference; lastKnownFileType = wrapper.framework; name = AssetsLibrary.framework; path = System/Library/Frameworks/AssetsLibrary.framework; sourceTree = SDKROOT; };
		4C0A57761D65CA4700216C45 /* opencv2.framework */ = {isa = PBXFileReference; lastKnownFileType = wrapper.framework; path = opencv2.framework; sourceTree = "<group>"; };
		4C0A577C1D65CADE00216C45 /* RecognizerProtocols.swift */ = {isa = PBXFileReference; fileEncoding = 4; lastKnownFileType = sourcecode.swift; path = RecognizerProtocols.swift; sourceTree = "<group>"; };
		4C0A577E1D65DFF600216C45 /* RecognizerProcessor.swift */ = {isa = PBXFileReference; fileEncoding = 4; lastKnownFileType = sourcecode.swift; path = RecognizerProcessor.swift; sourceTree = "<group>"; };
		4C0A57801D65E73000216C45 /* OpenCVRecognizer-Bridging-Header.h */ = {isa = PBXFileReference; lastKnownFileType = sourcecode.c.h; path = "OpenCVRecognizer-Bridging-Header.h"; sourceTree = "<group>"; };
		4C0A57811D65E73000216C45 /* OpenCVRecognizer.h */ = {isa = PBXFileReference; fileEncoding = 4; lastKnownFileType = sourcecode.c.h; path = OpenCVRecognizer.h; sourceTree = "<group>"; };
		4C0A57821D65E73000216C45 /* OpenCVRecognizer.mm */ = {isa = PBXFileReference; fileEncoding = 4; lastKnownFileType = sourcecode.cpp.objcpp; path = OpenCVRecognizer.mm; sourceTree = "<group>"; };
		4C0A57841D66169000216C45 /* haarcascade_russian_plate_number.xml */ = {isa = PBXFileReference; fileEncoding = 4; lastKnownFileType = text.xml; path = haarcascade_russian_plate_number.xml; sourceTree = "<group>"; };
		4C0A57861D66231E00216C45 /* OpenCVImage.hpp */ = {isa = PBXFileReference; fileEncoding = 4; lastKnownFileType = sourcecode.cpp.h; path = OpenCVImage.hpp; sourceTree = "<group>"; };
		4C0A57871D66231E00216C45 /* OpenCVImage.mm */ = {isa = PBXFileReference; fileEncoding = 4; lastKnownFileType = sourcecode.cpp.objcpp; path = OpenCVImage.mm; sourceTree = "<group>"; };
		4C0A57891D6626D700216C45 /* opencv-headers.h */ = {isa = PBXFileReference; lastKnownFileType = sourcecode.c.h; path = "opencv-headers.h"; sourceTree = "<group>"; };
/* End PBXFileReference section */

/* Begin PBXFrameworksBuildPhase section */
		4C0A57491D6589A800216C45 /* Frameworks */ = {
			isa = PBXFrameworksBuildPhase;
			buildActionMask = 2147483647;
			files = (
				4C0A57771D65CA4700216C45 /* opencv2.framework in Frameworks */,
				4C0A57751D65CA2D00216C45 /* AssetsLibrary.framework in Frameworks */,
			);
			runOnlyForDeploymentPostprocessing = 0;
		};
		4C0A575D1D6589A800216C45 /* Frameworks */ = {
			isa = PBXFrameworksBuildPhase;
			buildActionMask = 2147483647;
			files = (
			);
			runOnlyForDeploymentPostprocessing = 0;
		};
/* End PBXFrameworksBuildPhase section */

/* Begin PBXGroup section */
		4C0A57431D6589A800216C45 = {
			isa = PBXGroup;
			children = (
				4C0A57761D65CA4700216C45 /* opencv2.framework */,
				4C0A57741D65CA2D00216C45 /* AssetsLibrary.framework */,
				4C0A574E1D6589A800216C45 /* OpenCVRecognizer */,
				4C0A57631D6589A800216C45 /* OpenCVRecognizerTests */,
				4C0A574D1D6589A800216C45 /* Products */,
			);
			sourceTree = "<group>";
		};
		4C0A574D1D6589A800216C45 /* Products */ = {
			isa = PBXGroup;
			children = (
				4C0A574C1D6589A800216C45 /* OpenCVRecognizer.app */,
				4C0A57601D6589A800216C45 /* OpenCVRecognizerTests.xctest */,
			);
			name = Products;
			sourceTree = "<group>";
		};
		4C0A574E1D6589A800216C45 /* OpenCVRecognizer */ = {
			isa = PBXGroup;
			children = (
				4C0A577B1D65CAA800216C45 /* Support */,
				4C0A57791D65CA8D00216C45 /* Wrapper */,
				4C0A57781D65CA8400216C45 /* Processor */,
				4C0A57511D6589A800216C45 /* RecognizerViewController.swift */,
				4C0A57531D6589A800216C45 /* Main.storyboard */,
				4C0A57721D65C0DD00216C45 /* Recognizer.xcassets */,
				4C0A57841D66169000216C45 /* haarcascade_russian_plate_number.xml */,
			);
			path = OpenCVRecognizer;
			sourceTree = "<group>";
		};
		4C0A57631D6589A800216C45 /* OpenCVRecognizerTests */ = {
			isa = PBXGroup;
			children = (
				4C0A57641D6589A800216C45 /* OpenCVRecognizerTests.swift */,
				4C0A57661D6589A800216C45 /* Info.plist */,
			);
			path = OpenCVRecognizerTests;
			sourceTree = "<group>";
		};
		4C0A57781D65CA8400216C45 /* Processor */ = {
			isa = PBXGroup;
			children = (
				4C0A577C1D65CADE00216C45 /* RecognizerProtocols.swift */,
				4C0A577E1D65DFF600216C45 /* RecognizerProcessor.swift */,
			);
			path = Processor;
			sourceTree = "<group>";
		};
		4C0A57791D65CA8D00216C45 /* Wrapper */ = {
			isa = PBXGroup;
			children = (
				4C0A57801D65E73000216C45 /* OpenCVRecognizer-Bridging-Header.h */,
				4C0A57891D6626D700216C45 /* opencv-headers.h */,
				4C0A57811D65E73000216C45 /* OpenCVRecognizer.h */,
				4C0A57821D65E73000216C45 /* OpenCVRecognizer.mm */,
				4C0A57861D66231E00216C45 /* OpenCVImage.hpp */,
				4C0A57871D66231E00216C45 /* OpenCVImage.mm */,
			);
			name = Wrapper;
			path = OpenCVRecognizer/Wrapper;
			sourceTree = SOURCE_ROOT;
		};
		4C0A577B1D65CAA800216C45 /* Support */ = {
			isa = PBXGroup;
			children = (
				4C0A574F1D6589A800216C45 /* AppDelegate.swift */,
				4C0A57581D6589A800216C45 /* LaunchScreen.storyboard */,
				4C0A575B1D6589A800216C45 /* Info.plist */,
			);
			name = Support;
			sourceTree = "<group>";
		};
/* End PBXGroup section */

/* Begin PBXNativeTarget section */
		4C0A574B1D6589A800216C45 /* OpenCVRecognizer */ = {
			isa = PBXNativeTarget;
			buildConfigurationList = 4C0A57691D6589A800216C45 /* Build configuration list for PBXNativeTarget "OpenCVRecognizer" */;
			buildPhases = (
				4C0A57481D6589A800216C45 /* Sources */,
				4C0A57491D6589A800216C45 /* Frameworks */,
				4C0A574A1D6589A800216C45 /* Resources */,
			);
			buildRules = (
			);
			dependencies = (
			);
			name = OpenCVRecognizer;
			productName = OpenCVRecognizer;
			productReference = 4C0A574C1D6589A800216C45 /* OpenCVRecognizer.app */;
			productType = "com.apple.product-type.application";
		};
		4C0A575F1D6589A800216C45 /* OpenCVRecognizerTests */ = {
			isa = PBXNativeTarget;
			buildConfigurationList = 4C0A576C1D6589A800216C45 /* Build configuration list for PBXNativeTarget "OpenCVRecognizerTests" */;
			buildPhases = (
				4C0A575C1D6589A800216C45 /* Sources */,
				4C0A575D1D6589A800216C45 /* Frameworks */,
				4C0A575E1D6589A800216C45 /* Resources */,
			);
			buildRules = (
			);
			dependencies = (
				4C0A57621D6589A800216C45 /* PBXTargetDependency */,
			);
			name = OpenCVRecognizerTests;
			productName = OpenCVRecognizerTests;
			productReference = 4C0A57601D6589A800216C45 /* OpenCVRecognizerTests.xctest */;
			productType = "com.apple.product-type.bundle.unit-test";
		};
/* End PBXNativeTarget section */

/* Begin PBXProject section */
		4C0A57441D6589A800216C45 /* Project object */ = {
			isa = PBXProject;
			attributes = {
				LastSwiftUpdateCheck = 0730;
				LastUpgradeCheck = 0800;
				ORGANIZATIONNAME = "Eugen Fedchenko";
				TargetAttributes = {
					4C0A574B1D6589A800216C45 = {
						CreatedOnToolsVersion = 7.3.1;
						LastSwiftMigration = 0800;
					};
					4C0A575F1D6589A800216C45 = {
						CreatedOnToolsVersion = 7.3.1;
						LastSwiftMigration = 0800;
						TestTargetID = 4C0A574B1D6589A800216C45;
					};
				};
			};
			buildConfigurationList = 4C0A57471D6589A800216C45 /* Build configuration list for PBXProject "OpenCVRecognizer" */;
			compatibilityVersion = "Xcode 3.2";
			developmentRegion = English;
			hasScannedForEncodings = 0;
			knownRegions = (
				en,
				Base,
			);
			mainGroup = 4C0A57431D6589A800216C45;
			productRefGroup = 4C0A574D1D6589A800216C45 /* Products */;
			projectDirPath = "";
			projectRoot = "";
			targets = (
				4C0A574B1D6589A800216C45 /* OpenCVRecognizer */,
				4C0A575F1D6589A800216C45 /* OpenCVRecognizerTests */,
			);
		};
/* End PBXProject section */

/* Begin PBXResourcesBuildPhase section */
		4C0A574A1D6589A800216C45 /* Resources */ = {
			isa = PBXResourcesBuildPhase;
			buildActionMask = 2147483647;
			files = (
				4C0A57851D66169000216C45 /* haarcascade_russian_plate_number.xml in Resources */,
				4C0A575A1D6589A800216C45 /* LaunchScreen.storyboard in Resources */,
				4C0A57551D6589A800216C45 /* Main.storyboard in Resources */,
				4C0A57731D65C0DD00216C45 /* Recognizer.xcassets in Resources */,
			);
			runOnlyForDeploymentPostprocessing = 0;
		};
		4C0A575E1D6589A800216C45 /* Resources */ = {
			isa = PBXResourcesBuildPhase;
			buildActionMask = 2147483647;
			files = (
			);
			runOnlyForDeploymentPostprocessing = 0;
		};
/* End PBXResourcesBuildPhase section */

/* Begin PBXSourcesBuildPhase section */
		4C0A57481D6589A800216C45 /* Sources */ = {
			isa = PBXSourcesBuildPhase;
			buildActionMask = 2147483647;
			files = (
				4C0A577F1D65DFF600216C45 /* RecognizerProcessor.swift in Sources */,
				4C0A57521D6589A800216C45 /* RecognizerViewController.swift in Sources */,
				4C0A57881D66231E00216C45 /* OpenCVImage.mm in Sources */,
				4C0A577D1D65CADE00216C45 /* RecognizerProtocols.swift in Sources */,
				4C0A57501D6589A800216C45 /* AppDelegate.swift in Sources */,
				4C0A57831D65E73000216C45 /* OpenCVRecognizer.mm in Sources */,
			);
			runOnlyForDeploymentPostprocessing = 0;
		};
		4C0A575C1D6589A800216C45 /* Sources */ = {
			isa = PBXSourcesBuildPhase;
			buildActionMask = 2147483647;
			files = (
				4C0A57651D6589A800216C45 /* OpenCVRecognizerTests.swift in Sources */,
			);
			runOnlyForDeploymentPostprocessing = 0;
		};
/* End PBXSourcesBuildPhase section */

/* Begin PBXTargetDependency section */
		4C0A57621D6589A800216C45 /* PBXTargetDependency */ = {
			isa = PBXTargetDependency;
			target = 4C0A574B1D6589A800216C45 /* OpenCVRecognizer */;
			targetProxy = 4C0A57611D6589A800216C45 /* PBXContainerItemProxy */;
		};
/* End PBXTargetDependency section */

/* Begin PBXVariantGroup section */
		4C0A57531D6589A800216C45 /* Main.storyboard */ = {
			isa = PBXVariantGroup;
			children = (
				4C0A57541D6589A800216C45 /* Base */,
			);
			name = Main.storyboard;
			sourceTree = "<group>";
		};
		4C0A57581D6589A800216C45 /* LaunchScreen.storyboard */ = {
			isa = PBXVariantGroup;
			children = (
				4C0A57591D6589A800216C45 /* Base */,
			);
			name = LaunchScreen.storyboard;
			sourceTree = "<group>";
		};
/* End PBXVariantGroup section */

/* Begin XCBuildConfiguration section */
		4C0A57671D6589A800216C45 /* Debug */ = {
			isa = XCBuildConfiguration;
			buildSettings = {
				ALWAYS_SEARCH_USER_PATHS = NO;
				CLANG_ANALYZER_NONNULL = YES;
				CLANG_CXX_LANGUAGE_STANDARD = "gnu++0x";
				CLANG_CXX_LIBRARY = "libc++";
				CLANG_ENABLE_MODULES = YES;
				CLANG_ENABLE_OBJC_ARC = YES;
				CLANG_WARN_BOOL_CONVERSION = YES;
				CLANG_WARN_CONSTANT_CONVERSION = YES;
				CLANG_WARN_DIRECT_OBJC_ISA_USAGE = YES_ERROR;
				CLANG_WARN_EMPTY_BODY = YES;
				CLANG_WARN_ENUM_CONVERSION = YES;
				CLANG_WARN_INFINITE_RECURSION = YES;
				CLANG_WARN_INT_CONVERSION = YES;
				CLANG_WARN_OBJC_ROOT_CLASS = YES_ERROR;
				CLANG_WARN_SUSPICIOUS_MOVE = YES;
				CLANG_WARN_UNREACHABLE_CODE = YES;
				CLANG_WARN__DUPLICATE_METHOD_MATCH = YES;
				"CODE_SIGN_IDENTITY[sdk=iphoneos*]" = "iPhone Developer";
				COPY_PHASE_STRIP = NO;
				DEBUG_INFORMATION_FORMAT = dwarf;
				ENABLE_STRICT_OBJC_MSGSEND = YES;
				ENABLE_TESTABILITY = YES;
				GCC_C_LANGUAGE_STANDARD = gnu99;
				GCC_DYNAMIC_NO_PIC = NO;
				GCC_NO_COMMON_BLOCKS = YES;
				GCC_OPTIMIZATION_LEVEL = 0;
				GCC_PREPROCESSOR_DEFINITIONS = (
					"DEBUG=1",
					"$(inherited)",
				);
				GCC_WARN_64_TO_32_BIT_CONVERSION = YES;
				GCC_WARN_ABOUT_RETURN_TYPE = YES_ERROR;
				GCC_WARN_UNDECLARED_SELECTOR = YES;
				GCC_WARN_UNINITIALIZED_AUTOS = YES_AGGRESSIVE;
				GCC_WARN_UNUSED_FUNCTION = YES;
				GCC_WARN_UNUSED_VARIABLE = YES;
				IPHONEOS_DEPLOYMENT_TARGET = 9.3;
				MTL_ENABLE_DEBUG_INFO = YES;
				ONLY_ACTIVE_ARCH = YES;
				SDKROOT = iphoneos;
				SWIFT_OPTIMIZATION_LEVEL = "-Onone";
				TARGETED_DEVICE_FAMILY = "1,2";
			};
			name = Debug;
		};
		4C0A57681D6589A800216C45 /* Release */ = {
			isa = XCBuildConfiguration;
			buildSettings = {
				ALWAYS_SEARCH_USER_PATHS = NO;
				CLANG_ANALYZER_NONNULL = YES;
				CLANG_CXX_LANGUAGE_STANDARD = "gnu++0x";
				CLANG_CXX_LIBRARY = "libc++";
				CLANG_ENABLE_MODULES = YES;
				CLANG_ENABLE_OBJC_ARC = YES;
				CLANG_WARN_BOOL_CONVERSION = YES;
				CLANG_WARN_CONSTANT_CONVERSION = YES;
				CLANG_WARN_DIRECT_OBJC_ISA_USAGE = YES_ERROR;
				CLANG_WARN_EMPTY_BODY = YES;
				CLANG_WARN_ENUM_CONVERSION = YES;
				CLANG_WARN_INFINITE_RECURSION = YES;
				CLANG_WARN_INT_CONVERSION = YES;
				CLANG_WARN_OBJC_ROOT_CLASS = YES_ERROR;
				CLANG_WARN_SUSPICIOUS_MOVE = YES;
				CLANG_WARN_UNREACHABLE_CODE = YES;
				CLANG_WARN__DUPLICATE_METHOD_MATCH = YES;
				"CODE_SIGN_IDENTITY[sdk=iphoneos*]" = "iPhone Developer";
				COPY_PHASE_STRIP = NO;
				DEBUG_INFORMATION_FORMAT = "dwarf-with-dsym";
				ENABLE_NS_ASSERTIONS = NO;
				ENABLE_STRICT_OBJC_MSGSEND = YES;
				GCC_C_LANGUAGE_STANDARD = gnu99;
				GCC_NO_COMMON_BLOCKS = YES;
				GCC_WARN_64_TO_32_BIT_CONVERSION = YES;
				GCC_WARN_ABOUT_RETURN_TYPE = YES_ERROR;
				GCC_WARN_UNDECLARED_SELECTOR = YES;
				GCC_WARN_UNINITIALIZED_AUTOS = YES_AGGRESSIVE;
				GCC_WARN_UNUSED_FUNCTION = YES;
				GCC_WARN_UNUSED_VARIABLE = YES;
				IPHONEOS_DEPLOYMENT_TARGET = 9.3;
				MTL_ENABLE_DEBUG_INFO = NO;
				SDKROOT = iphoneos;
				SWIFT_OPTIMIZATION_LEVEL = "-Owholemodule";
				TARGETED_DEVICE_FAMILY = "1,2";
				VALIDATE_PRODUCT = YES;
			};
			name = Release;
		};
		4C0A576A1D6589A800216C45 /* Debug */ = {
			isa = XCBuildConfiguration;
			buildSettings = {
				ASSETCATALOG_COMPILER_APPICON_NAME = AppIcon;
				CLANG_ENABLE_MODULES = YES;
				FRAMEWORK_SEARCH_PATHS = (
					"$(inherited)",
					"$(PROJECT_DIR)",
				);
				INFOPLIST_FILE = OpenCVRecognizer/Info.plist;
				LD_RUNPATH_SEARCH_PATHS = "$(inherited) @executable_path/Frameworks";
				PRODUCT_BUNDLE_IDENTIFIER = gavrilaf.github.com.OpenCVRecognizer;
				PRODUCT_NAME = "$(TARGET_NAME)";
				SWIFT_OBJC_BRIDGING_HEADER = "OpenCVRecognizer/Wrapper/OpenCVRecognizer-Bridging-Header.h";
				SWIFT_OPTIMIZATION_LEVEL = "-Onone";
				SWIFT_VERSION = 3.0;
			};
			name = Debug;
		};
		4C0A576B1D6589A800216C45 /* Release */ = {
			isa = XCBuildConfiguration;
			buildSettings = {
				ASSETCATALOG_COMPILER_APPICON_NAME = AppIcon;
				CLANG_ENABLE_MODULES = YES;
				FRAMEWORK_SEARCH_PATHS = (
					"$(inherited)",
					"$(PROJECT_DIR)",
				);
				INFOPLIST_FILE = OpenCVRecognizer/Info.plist;
				LD_RUNPATH_SEARCH_PATHS = "$(inherited) @executable_path/Frameworks";
				PRODUCT_BUNDLE_IDENTIFIER = gavrilaf.github.com.OpenCVRecognizer;
				PRODUCT_NAME = "$(TARGET_NAME)";
				SWIFT_OBJC_BRIDGING_HEADER = "OpenCVRecognizer/Wrapper/OpenCVRecognizer-Bridging-Header.h";
				SWIFT_VERSION = 3.0;
			};
			name = Release;
		};
		4C0A576D1D6589A800216C45 /* Debug */ = {
			isa = XCBuildConfiguration;
			buildSettings = {
				BUNDLE_LOADER = "$(TEST_HOST)";
				INFOPLIST_FILE = OpenCVRecognizerTests/Info.plist;
				LD_RUNPATH_SEARCH_PATHS = "$(inherited) @executable_path/Frameworks @loader_path/Frameworks";
				PRODUCT_BUNDLE_IDENTIFIER = gavrilaf.github.com.OpenCVRecognizerTests;
				PRODUCT_NAME = "$(TARGET_NAME)";
				SWIFT_VERSION = 3.0;
				TEST_HOST = "$(BUILT_PRODUCTS_DIR)/OpenCVRecognizer.app/OpenCVRecognizer";
			};
			name = Debug;
		};
		4C0A576E1D6589A800216C45 /* Release */ = {
			isa = XCBuildConfiguration;
			buildSettings = {
				BUNDLE_LOADER = "$(TEST_HOST)";
				INFOPLIST_FILE = OpenCVRecognizerTests/Info.plist;
				LD_RUNPATH_SEARCH_PATHS = "$(inherited) @executable_path/Frameworks @loader_path/Frameworks";
				PRODUCT_BUNDLE_IDENTIFIER = gavrilaf.github.com.OpenCVRecognizerTests;
				PRODUCT_NAME = "$(TARGET_NAME)";
				SWIFT_VERSION = 3.0;
				TEST_HOST = "$(BUILT_PRODUCTS_DIR)/OpenCVRecognizer.app/OpenCVRecognizer";
			};
			name = Release;
		};
/* End XCBuildConfiguration section */

/* Begin XCConfigurationList section */
		4C0A57471D6589A800216C45 /* Build configuration list for PBXProject "OpenCVRecognizer" */ = {
			isa = XCConfigurationList;
			buildConfigurations = (
				4C0A57671D6589A800216C45 /* Debug */,
				4C0A57681D6589A800216C45 /* Release */,
			);
			defaultConfigurationIsVisible = 0;
			defaultConfigurationName = Release;
		};
		4C0A57691D6589A800216C45 /* Build configuration list for PBXNativeTarget "OpenCVRecognizer" */ = {
			isa = XCConfigurationList;
			buildConfigurations = (
				4C0A576A1D6589A800216C45 /* Debug */,
				4C0A576B1D6589A800216C45 /* Release */,
			);
			defaultConfigurationIsVisible = 0;
			defaultConfigurationName = Release;
		};
		4C0A576C1D6589A800216C45 /* Build configuration list for PBXNativeTarget "OpenCVRecognizerTests" */ = {
			isa = XCConfigurationList;
			buildConfigurations = (
				4C0A576D1D6589A800216C45 /* Debug */,
				4C0A576E1D6589A800216C45 /* Release */,
			);
			defaultConfigurationIsVisible = 0;
			defaultConfigurationName = Release;
		};
/* End XCConfigurationList section */
	};
	rootObject = 4C0A57441D6589A800216C45 /* Project object */;
}
